
Microsoft Visual Studio Solution File, Format Version 12.00
# Visual Studio Version 17
VisualStudioVersion = 17.6.33723.286
MinimumVisualStudioVersion = 10.0.40219.1
Project("{FAE04EC0-301F-11D3-BF4B-00C04F79EFBC}") = "HTMLTemplateBuilder", "HTMLTemplateBuilder\HTMLTemplateBuilder.csproj", "{92E4878E-59CE-41D3-92C1-60F102009755}"
EndProject
Global
	GlobalSection(SolutionConfigurationPlatforms) = preSolution
		Debug|Any CPU = Debug|Any CPU
		Release|Any CPU = Release|Any CPU
	EndGlobalSection
	GlobalSection(ProjectConfigurationPlatforms) = postSolution
		{92E4878E-59CE-41D3-92C1-60F102009755}.Debug|Any CPU.ActiveCfg = Debug|Any CPU
		{92E4878E-59CE-41D3-92C1-60F102009755}.Debug|Any CPU.Build.0 = Debug|Any CPU
		{92E4878E-59CE-41D3-92C1-60F102009755}.Release|Any CPU.ActiveCfg = Release|Any CPU
		{92E4878E-59CE-41D3-92C1-60F102009755}.Release|Any CPU.Build.0 = Release|Any CPU
	EndGlobalSection
	GlobalSection(SolutionProperties) = preSolution
		HideSolutionNode = FALSE
	EndGlobalSection
	GlobalSection(ExtensibilityGlobals) = postSolution
		SolutionGuid = {5D2BB738-6345-40AB-94DA-6361DFCEBB2A}
	EndGlobalSection
EndGlobal
